
Microsoft Visual Studio Solution File, Format Version 12.00
# Visual Studio Version 17
VisualStudioVersion = 17.0.31903.59
MinimumVisualStudioVersion = 10.0.40219.1
Project("{FAE04EC0-301F-11D3-BF4B-00C04F79EFBC}") = "OpenDbViewer.Domain", "OpenDbViewer.Domain\OpenDbViewer.Domain.csproj", "{EBAD1CB7-3F57-4E1F-825F-BD179A939667}"
EndProject
Project("{FAE04EC0-301F-11D3-BF4B-00C04F79EFBC}") = "OpenDbViewer.Application", "OpenDbViewer.Application\OpenDbViewer.Application.csproj", "{7366F8C5-68DA-418D-B145-27388103986D}"
EndProject
Project("{FAE04EC0-301F-11D3-BF4B-00C04F79EFBC}") = "OpenDbViewer.Infrastructure.Sqlite", "OpenDbViewer.Infrastructure.Sqlite\OpenDbViewer.Infrastructure.Sqlite.csproj", "{334B8640-FA6D-4315-A787-FEF1EEF5DAC7}"
EndProject
Project("{FAE04EC0-301F-11D3-BF4B-00C04F79EFBC}") = "OpenDbViewer.Wpf", "OpenDbViewer.Wpf\OpenDbViewer.Wpf.csproj", "{657F22B8-B174-4747-9AF5-8982198B3F1C}"
EndProject
Project("{FAE04EC0-301F-11D3-BF4B-00C04F79EFBC}") = "OpenDbViewer.Domain.Tests", "..\tests\OpenDbViewer.Domain.Tests\OpenDbViewer.Domain.Tests.csproj", "{D0429F5C-9117-4B41-BFD7-8B55C47F48A3}"
EndProject
Project("{FAE04EC0-301F-11D3-BF4B-00C04F79EFBC}") = "OpenDbViewer.Application.Tests", "..\tests\OpenDbViewer.Application.Tests\OpenDbViewer.Application.Tests.csproj", "{C4ABEB46-8A88-4776-9178-2DBC1C12DF8A}"
EndProject
Project("{FAE04EC0-301F-11D3-BF4B-00C04F79EFBC}") = "OpenDbViewer.Infrastructure.Sqlite.Tests", "..\tests\OpenDbViewer.Infrastructure.Sqlite.Tests\OpenDbViewer.Infrastructure.Sqlite.Tests.csproj", "{532C5359-1450-4384-AA2E-06A40A5A2E62}"
EndProject
Global
	GlobalSection(SolutionConfigurationPlatforms) = preSolution
		Debug|Any CPU = Debug|Any CPU
		Debug|x64 = Debug|x64
		Debug|x86 = Debug|x86
		Release|Any CPU = Release|Any CPU
		Release|x64 = Release|x64
		Release|x86 = Release|x86
	EndGlobalSection
	GlobalSection(ProjectConfigurationPlatforms) = postSolution
		{EBAD1CB7-3F57-4E1F-825F-BD179A939667}.Debug|Any CPU.ActiveCfg = Debug|Any CPU
		{EBAD1CB7-3F57-4E1F-825F-BD179A939667}.Debug|Any CPU.Build.0 = Debug|Any CPU
		{EBAD1CB7-3F57-4E1F-825F-BD179A939667}.Debug|x64.ActiveCfg = Debug|Any CPU
		{EBAD1CB7-3F57-4E1F-825F-BD179A939667}.Debug|x64.Build.0 = Debug|Any CPU
		{EBAD1CB7-3F57-4E1F-825F-BD179A939667}.Debug|x86.ActiveCfg = Debug|Any CPU
		{EBAD1CB7-3F57-4E1F-825F-BD179A939667}.Debug|x86.Build.0 = Debug|Any CPU
		{EBAD1CB7-3F57-4E1F-825F-BD179A939667}.Release|Any CPU.ActiveCfg = Release|Any CPU
		{EBAD1CB7-3F57-4E1F-825F-BD179A939667}.Release|Any CPU.Build.0 = Release|Any CPU
		{EBAD1CB7-3F57-4E1F-825F-BD179A939667}.Release|x64.ActiveCfg = Release|Any CPU
		{EBAD1CB7-3F57-4E1F-825F-BD179A939667}.Release|x64.Build.0 = Release|Any CPU
		{EBAD1CB7-3F57-4E1F-825F-BD179A939667}.Release|x86.ActiveCfg = Release|Any CPU
		{EBAD1CB7-3F57-4E1F-825F-BD179A939667}.Release|x86.Build.0 = Release|Any CPU
		{7366F8C5-68DA-418D-B145-27388103986D}.Debug|Any CPU.ActiveCfg = Debug|Any CPU
		{7366F8C5-68DA-418D-B145-27388103986D}.Debug|Any CPU.Build.0 = Debug|Any CPU
		{7366F8C5-68DA-418D-B145-27388103986D}.Debug|x64.ActiveCfg = Debug|Any CPU
		{7366F8C5-68DA-418D-B145-27388103986D}.Debug|x64.Build.0 = Debug|Any CPU
		{7366F8C5-68DA-418D-B145-27388103986D}.Debug|x86.ActiveCfg = Debug|Any CPU
		{7366F8C5-68DA-418D-B145-27388103986D}.Debug|x86.Build.0 = Debug|Any CPU
		{7366F8C5-68DA-418D-B145-27388103986D}.Release|Any CPU.ActiveCfg = Release|Any CPU
		{7366F8C5-68DA-418D-B145-27388103986D}.Release|Any CPU.Build.0 = Release|Any CPU
		{7366F8C5-68DA-418D-B145-27388103986D}.Release|x64.ActiveCfg = Release|Any CPU
		{7366F8C5-68DA-418D-B145-27388103986D}.Release|x64.Build.0 = Release|Any CPU
		{7366F8C5-68DA-418D-B145-27388103986D}.Release|x86.ActiveCfg = Release|Any CPU
		{7366F8C5-68DA-418D-B145-27388103986D}.Release|x86.Build.0 = Release|Any CPU
		{334B8640-FA6D-4315-A787-FEF1EEF5DAC7}.Debug|Any CPU.ActiveCfg = Debug|Any CPU
		{334B8640-FA6D-4315-A787-FEF1EEF5DAC7}.Debug|Any CPU.Build.0 = Debug|Any CPU
		{334B8640-FA6D-4315-A787-FEF1EEF5DAC7}.Debug|x64.ActiveCfg = Debug|Any CPU
		{334B8640-FA6D-4315-A787-FEF1EEF5DAC7}.Debug|x64.Build.0 = Debug|Any CPU
		{334B8640-FA6D-4315-A787-FEF1EEF5DAC7}.Debug|x86.ActiveCfg = Debug|Any CPU
		{334B8640-FA6D-4315-A787-FEF1EEF5DAC7}.Debug|x86.Build.0 = Debug|Any CPU
		{334B8640-FA6D-4315-A787-FEF1EEF5DAC7}.Release|Any CPU.ActiveCfg = Release|Any CPU
		{334B8640-FA6D-4315-A787-FEF1EEF5DAC7}.Release|Any CPU.Build.0 = Release|Any CPU
		{334B8640-FA6D-4315-A787-FEF1EEF5DAC7}.Release|x64.ActiveCfg = Release|Any CPU
		{334B8640-FA6D-4315-A787-FEF1EEF5DAC7}.Release|x64.Build.0 = Release|Any CPU
		{334B8640-FA6D-4315-A787-FEF1EEF5DAC7}.Release|x86.ActiveCfg = Release|Any CPU
		{334B8640-FA6D-4315-A787-FEF1EEF5DAC7}.Release|x86.Build.0 = Release|Any CPU
		{657F22B8-B174-4747-9AF5-8982198B3F1C}.Debug|Any CPU.ActiveCfg = Debug|Any CPU
		{657F22B8-B174-4747-9AF5-8982198B3F1C}.Debug|Any CPU.Build.0 = Debug|Any CPU
		{657F22B8-B174-4747-9AF5-8982198B3F1C}.Debug|x64.ActiveCfg = Debug|Any CPU
		{657F22B8-B174-4747-9AF5-8982198B3F1C}.Debug|x64.Build.0 = Debug|Any CPU
		{657F22B8-B174-4747-9AF5-8982198B3F1C}.Debug|x86.ActiveCfg = Debug|Any CPU
		{657F22B8-B174-4747-9AF5-8982198B3F1C}.Debug|x86.Build.0 = Debug|Any CPU
		{657F22B8-B174-4747-9AF5-8982198B3F1C}.Release|Any CPU.ActiveCfg = Release|Any CPU
		{657F22B8-B174-4747-9AF5-8982198B3F1C}.Release|Any CPU.Build.0 = Release|Any CPU
		{657F22B8-B174-4747-9AF5-8982198B3F1C}.Release|x64.ActiveCfg = Release|Any CPU
		{657F22B8-B174-4747-9AF5-8982198B3F1C}.Release|x64.Build.0 = Release|Any CPU
		{657F22B8-B174-4747-9AF5-8982198B3F1C}.Release|x86.ActiveCfg = Release|Any CPU
		{657F22B8-B174-4747-9AF5-8982198B3F1C}.Release|x86.Build.0 = Release|Any CPU
		{D0429F5C-9117-4B41-BFD7-8B55C47F48A3}.Debug|Any CPU.ActiveCfg = Debug|Any CPU
		{D0429F5C-9117-4B41-BFD7-8B55C47F48A3}.Debug|Any CPU.Build.0 = Debug|Any CPU
		{D0429F5C-9117-4B41-BFD7-8B55C47F48A3}.Debug|x64.ActiveCfg = Debug|Any CPU
		{D0429F5C-9117-4B41-BFD7-8B55C47F48A3}.Debug|x64.Build.0 = Debug|Any CPU
		{D0429F5C-9117-4B41-BFD7-8B55C47F48A3}.Debug|x86.ActiveCfg = Debug|Any CPU
		{D0429F5C-9117-4B41-BFD7-8B55C47F48A3}.Debug|x86.Build.0 = Debug|Any CPU
		{D0429F5C-9117-4B41-BFD7-8B55C47F48A3}.Release|Any CPU.ActiveCfg = Release|Any CPU
		{D0429F5C-9117-4B41-BFD7-8B55C47F48A3}.Release|Any CPU.Build.0 = Release|Any CPU
		{D0429F5C-9117-4B41-BFD7-8B55C47F48A3}.Release|x64.ActiveCfg = Release|Any CPU
		{D0429F5C-9117-4B41-BFD7-8B55C47F48A3}.Release|x64.Build.0 = Release|Any CPU
		{D0429F5C-9117-4B41-BFD7-8B55C47F48A3}.Release|x86.ActiveCfg = Release|Any CPU
		{D0429F5C-9117-4B41-BFD7-8B55C47F48A3}.Release|x86.Build.0 = Release|Any CPU
		{C4ABEB46-8A88-4776-9178-2DBC1C12DF8A}.Debug|Any CPU.ActiveCfg = Debug|Any CPU
		{C4ABEB46-8A88-4776-9178-2DBC1C12DF8A}.Debug|Any CPU.Build.0 = Debug|Any CPU
		{C4ABEB46-8A88-4776-9178-2DBC1C12DF8A}.Debug|x64.ActiveCfg = Debug|Any CPU
		{C4ABEB46-8A88-4776-9178-2DBC1C12DF8A}.Debug|x64.Build.0 = Debug|Any CPU
		{C4ABEB46-8A88-4776-9178-2DBC1C12DF8A}.Debug|x86.ActiveCfg = Debug|Any CPU
		{C4ABEB46-8A88-4776-9178-2DBC1C12DF8A}.Debug|x86.Build.0 = Debug|Any CPU
		{C4ABEB46-8A88-4776-9178-2DBC1C12DF8A}.Release|Any CPU.ActiveCfg = Release|Any CPU
		{C4ABEB46-8A88-4776-9178-2DBC1C12DF8A}.Release|Any CPU.Build.0 = Release|Any CPU
		{C4ABEB46-8A88-4776-9178-2DBC1C12DF8A}.Release|x64.ActiveCfg = Release|Any CPU
		{C4ABEB46-8A88-4776-9178-2DBC1C12DF8A}.Release|x64.Build.0 = Release|Any CPU
		{C4ABEB46-8A88-4776-9178-2DBC1C12DF8A}.Release|x86.ActiveCfg = Release|Any CPU
		{C4ABEB46-8A88-4776-9178-2DBC1C12DF8A}.Release|x86.Build.0 = Release|Any CPU
		{532C5359-1450-4384-AA2E-06A40A5A2E62}.Debug|Any CPU.ActiveCfg = Debug|Any CPU
		{532C5359-1450-4384-AA2E-06A40A5A2E62}.Debug|Any CPU.Build.0 = Debug|Any CPU
		{532C5359-1450-4384-AA2E-06A40A5A2E62}.Debug|x64.ActiveCfg = Debug|Any CPU
		{532C5359-1450-4384-AA2E-06A40A5A2E62}.Debug|x64.Build.0 = Debug|Any CPU
		{532C5359-1450-4384-AA2E-06A40A5A2E62}.Debug|x86.ActiveCfg = Debug|Any CPU
		{532C5359-1450-4384-AA2E-06A40A5A2E62}.Debug|x86.Build.0 = Debug|Any CPU
		{532C5359-1450-4384-AA2E-06A40A5A2E62}.Release|Any CPU.ActiveCfg = Release|Any CPU
		{532C5359-1450-4384-AA2E-06A40A5A2E62}.Release|Any CPU.Build.0 = Release|Any CPU
		{532C5359-1450-4384-AA2E-06A40A5A2E62}.Release|x64.ActiveCfg = Release|Any CPU
		{532C5359-1450-4384-AA2E-06A40A5A2E62}.Release|x64.Build.0 = Release|Any CPU
		{532C5359-1450-4384-AA2E-06A40A5A2E62}.Release|x86.ActiveCfg = Release|Any CPU
		{532C5359-1450-4384-AA2E-06A40A5A2E62}.Release|x86.Build.0 = Release|Any CPU
	EndGlobalSection
	GlobalSection(SolutionProperties) = preSolution
		HideSolutionNode = FALSE
	EndGlobalSection
EndGlobal
